// !$*UTF8*$!
{
	archiveVersion = 1;
	classes = {
	};
	objectVersion = 56;
	objects = {

/* Begin PBXBuildFile section */
		F99F7DB62A78827000F6DE66 /* D2App.swift in Sources */ = {isa = PBXBuildFile; fileRef = F99F7DB52A78827000F6DE66 /* D2App.swift */; };
		F99F7DB82A78827000F6DE66 /* ContentView.swift in Sources */ = {isa = PBXBuildFile; fileRef = F99F7DB72A78827000F6DE66 /* ContentView.swift */; };
		F99F7DBA2A78827100F6DE66 /* Assets.xcassets in Resources */ = {isa = PBXBuildFile; fileRef = F99F7DB92A78827100F6DE66 /* Assets.xcassets */; };
		F99F7DBD2A78827100F6DE66 /* Preview Assets.xcassets in Resources */ = {isa = PBXBuildFile; fileRef = F99F7DBC2A78827100F6DE66 /* Preview Assets.xcassets */; };
		F99F7DC42A78846700F6DE66 /* tela1.swift in Sources */ = {isa = PBXBuildFile; fileRef = F99F7DC32A78846700F6DE66 /* tela1.swift */; };
		F99F7DC62A7884DE00F6DE66 /* tela2.swift in Sources */ = {isa = PBXBuildFile; fileRef = F99F7DC52A7884DE00F6DE66 /* tela2.swift */; };
		F99F7DC82A7884EA00F6DE66 /* tela3.swift in Sources */ = {isa = PBXBuildFile; fileRef = F99F7DC72A7884EA00F6DE66 /* tela3.swift */; };
/* End PBXBuildFile section */

/* Begin PBXFileReference section */
		F99F7DB22A78827000F6DE66 /* D2.app */ = {isa = PBXFileReference; explicitFileType = wrapper.application; includeInIndex = 0; path = D2.app; sourceTree = BUILT_PRODUCTS_DIR; };
		F99F7DB52A78827000F6DE66 /* D2App.swift */ = {isa = PBXFileReference; lastKnownFileType = sourcecode.swift; path = D2App.swift; sourceTree = "<group>"; };
		F99F7DB72A78827000F6DE66 /* ContentView.swift */ = {isa = PBXFileReference; lastKnownFileType = sourcecode.swift; path = ContentView.swift; sourceTree = "<group>"; };
		F99F7DB92A78827100F6DE66 /* Assets.xcassets */ = {isa = PBXFileReference; lastKnownFileType = folder.assetcatalog; path = Assets.xcassets; sourceTree = "<group>"; };
		F99F7DBC2A78827100F6DE66 /* Preview Assets.xcassets */ = {isa = PBXFileReference; lastKnownFileType = folder.assetcatalog; path = "Preview Assets.xcassets"; sourceTree = "<group>"; };
		F99F7DC32A78846700F6DE66 /* tela1.swift */ = {isa = PBXFileReference; lastKnownFileType = sourcecode.swift; path = tela1.swift; sourceTree = "<group>"; };
		F99F7DC52A7884DE00F6DE66 /* tela2.swift */ = {isa = PBXFileReference; lastKnownFileType = sourcecode.swift; path = tela2.swift; sourceTree = "<group>"; };
		F99F7DC72A7884EA00F6DE66 /* tela3.swift */ = {isa = PBXFileReference; lastKnownFileType = sourcecode.swift; path = tela3.swift; sourceTree = "<group>"; };
/* End PBXFileReference section */

/* Begin PBXFrameworksBuildPhase section */
		F99F7DAF2A78827000F6DE66 /* Frameworks */ = {
			isa = PBXFrameworksBuildPhase;
			buildActionMask = 2147483647;
			files = (
			);
			runOnlyForDeploymentPostprocessing = 0;
		};
/* End PBXFrameworksBuildPhase section */

/* Begin PBXGroup section */
		F99F7DA92A78827000F6DE66 = {
			isa = PBXGroup;
			children = (
				F99F7DB42A78827000F6DE66 /* D2 */,
				F99F7DB32A78827000F6DE66 /* Products */,
			);
			sourceTree = "<group>";
		};
		F99F7DB32A78827000F6DE66 /* Products */ = {
			isa = PBXGroup;
			children = (
				F99F7DB22A78827000F6DE66 /* D2.app */,
			);
			name = Products;
			sourceTree = "<group>";
		};
		F99F7DB42A78827000F6DE66 /* D2 */ = {
			isa = PBXGroup;
			children = (
				F99F7DB52A78827000F6DE66 /* D2App.swift */,
				F99F7DB72A78827000F6DE66 /* ContentView.swift */,
				F99F7DC72A7884EA00F6DE66 /* tela3.swift */,
				F99F7DC52A7884DE00F6DE66 /* tela2.swift */,
				F99F7DC32A78846700F6DE66 /* tela1.swift */,
				F99F7DB92A78827100F6DE66 /* Assets.xcassets */,
				F99F7DBB2A78827100F6DE66 /* Preview Content */,
			);
			path = D2;
			sourceTree = "<group>";
		};
		F99F7DBB2A78827100F6DE66 /* Preview Content */ = {
			isa = PBXGroup;
			children = (
				F99F7DBC2A78827100F6DE66 /* Preview Assets.xcassets */,
			);
			path = "Preview Content";
			sourceTree = "<group>";
		};
/* End PBXGroup section */

/* Begin PBXNativeTarget section */
		F99F7DB12A78827000F6DE66 /* D2 */ = {
			isa = PBXNativeTarget;
			buildConfigurationList = F99F7DC02A78827100F6DE66 /* Build configuration list for PBXNativeTarget "D2" */;
			buildPhases = (
				F99F7DAE2A78827000F6DE66 /* Sources */,
				F99F7DAF2A78827000F6DE66 /* Frameworks */,
				F99F7DB02A78827000F6DE66 /* Resources */,
			);
			buildRules = (
			);
			dependencies = (
			);
			name = D2;
			productName = D2;
			productReference = F99F7DB22A78827000F6DE66 /* D2.app */;
			productType = "com.apple.product-type.application";
		};
/* End PBXNativeTarget section */

/* Begin PBXProject section */
		F99F7DAA2A78827000F6DE66 /* Project object */ = {
			isa = PBXProject;
			attributes = {
				BuildIndependentTargetsInParallel = 1;
				LastSwiftUpdateCheck = 1420;
				LastUpgradeCheck = 1420;
				TargetAttributes = {
					F99F7DB12A78827000F6DE66 = {
						CreatedOnToolsVersion = 14.2;
					};
				};
			};
			buildConfigurationList = F99F7DAD2A78827000F6DE66 /* Build configuration list for PBXProject "D2" */;
			compatibilityVersion = "Xcode 14.0";
			developmentRegion = en;
			hasScannedForEncodings = 0;
			knownRegions = (
				en,
				Base,
			);
			mainGroup = F99F7DA92A78827000F6DE66;
			productRefGroup = F99F7DB32A78827000F6DE66 /* Products */;
			projectDirPath = "";
			projectRoot = "";
			targets = (
				F99F7DB12A78827000F6DE66 /* D2 */,
			);
		};
/* End PBXProject section */

/* Begin PBXResourcesBuildPhase section */
		F99F7DB02A78827000F6DE66 /* Resources */ = {
			isa = PBXResourcesBuildPhase;
			buildActionMask = 2147483647;
			files = (
				F99F7DBD2A78827100F6DE66 /* Preview Assets.xcassets in Resources */,
				F99F7DBA2A78827100F6DE66 /* Assets.xcassets in Resources */,
			);
			runOnlyForDeploymentPostprocessing = 0;
		};
/* End PBXResourcesBuildPhase section */

/* Begin PBXSourcesBuildPhase section */
		F99F7DAE2A78827000F6DE66 /* Sources */ = {
			isa = PBXSourcesBuildPhase;
			buildActionMask = 2147483647;
			files = (
				F99F7DC82A7884EA00F6DE66 /* tela3.swift in Sources */,
				F99F7DB82A78827000F6DE66 /* ContentView.swift in Sources */,
				F99F7DC42A78846700F6DE66 /* tela1.swift in Sources */,
				F99F7DC62A7884DE00F6DE66 /* tela2.swift in Sources */,
				F99F7DB62A78827000F6DE66 /* D2App.swift in Sources */,
			);
			runOnlyForDeploymentPostprocessing = 0;
		};
/* End PBXSourcesBuildPhase section */

/* Begin XCBuildConfiguration section */
		F99F7DBE2A78827100F6DE66 /* Debug */ = {
			isa = XCBuildConfiguration;
			buildSettings = {
				ALWAYS_SEARCH_USER_PATHS = NO;
				CLANG_ANALYZER_NONNULL = YES;
				CLANG_ANALYZER_NUMBER_OBJECT_CONVERSION = YES_AGGRESSIVE;
				CLANG_CXX_LANGUAGE_STANDARD = "gnu++20";
				CLANG_ENABLE_MODULES = YES;
				CLANG_ENABLE_OBJC_ARC = YES;
				CLANG_ENABLE_OBJC_WEAK = YES;
				CLANG_WARN_BLOCK_CAPTURE_AUTORELEASING = YES;
				CLANG_WARN_BOOL_CONVERSION = YES;
				CLANG_WARN_COMMA = YES;
				CLANG_WARN_CONSTANT_CONVERSION = YES;
				CLANG_WARN_DEPRECATED_OBJC_IMPLEMENTATIONS = YES;
				CLANG_WARN_DIRECT_OBJC_ISA_USAGE = YES_ERROR;
				CLANG_WARN_DOCUMENTATION_COMMENTS = YES;
				CLANG_WARN_EMPTY_BODY = YES;
				CLANG_WARN_ENUM_CONVERSION = YES;
				CLANG_WARN_INFINITE_RECURSION = YES;
				CLANG_WARN_INT_CONVERSION = YES;
				CLANG_WARN_NON_LITERAL_NULL_CONVERSION = YES;
				CLANG_WARN_OBJC_IMPLICIT_RETAIN_SELF = YES;
				CLANG_WARN_OBJC_LITERAL_CONVERSION = YES;
				CLANG_WARN_OBJC_ROOT_CLASS = YES_ERROR;
				CLANG_WARN_QUOTED_INCLUDE_IN_FRAMEWORK_HEADER = YES;
				CLANG_WARN_RANGE_LOOP_ANALYSIS = YES;
				CLANG_WARN_STRICT_PROTOTYPES = YES;
				CLANG_WARN_SUSPICIOUS_MOVE = YES;
				CLANG_WARN_UNGUARDED_AVAILABILITY = YES_AGGRESSIVE;
				CLANG_WARN_UNREACHABLE_CODE = YES;
				CLANG_WARN__DUPLICATE_METHOD_MATCH = YES;
				COPY_PHASE_STRIP = NO;
				DEBUG_INFORMATION_FORMAT = dwarf;
				ENABLE_STRICT_OBJC_MSGSEND = YES;
				ENABLE_TESTABILITY = YES;
				GCC_C_LANGUAGE_STANDARD = gnu11;
				GCC_DYNAMIC_NO_PIC = NO;
				GCC_NO_COMMON_BLOCKS = YES;
				GCC_OPTIMIZATION_LEVEL = 0;
				GCC_PREPROCESSOR_DEFINITIONS = (
					"DEBUG=1",
					"$(inherited)",
				);
				GCC_WARN_64_TO_32_BIT_CONVERSION = YES;
				GCC_WARN_ABOUT_RETURN_TYPE = YES_ERROR;
				GCC_WARN_UNDECLARED_SELECTOR = YES;
				GCC_WARN_UNINITIALIZED_AUTOS = YES_AGGRESSIVE;
				GCC_WARN_UNUSED_FUNCTION = YES;
				GCC_WARN_UNUSED_VARIABLE = YES;
				IPHONEOS_DEPLOYMENT_TARGET = 16.2;
				MTL_ENABLE_DEBUG_INFO = INCLUDE_SOURCE;
				MTL_FAST_MATH = YES;
				ONLY_ACTIVE_ARCH = YES;
				SDKROOT = iphoneos;
				SWIFT_ACTIVE_COMPILATION_CONDITIONS = DEBUG;
				SWIFT_OPTIMIZATION_LEVEL = "-Onone";
			};
			name = Debug;
		};
		F99F7DBF2A78827100F6DE66 /* Release */ = {
			isa = XCBuildConfiguration;
			buildSettings = {
				ALWAYS_SEARCH_USER_PATHS = NO;
				CLANG_ANALYZER_NONNULL = YES;
				CLANG_ANALYZER_NUMBER_OBJECT_CONVERSION = YES_AGGRESSIVE;
				CLANG_CXX_LANGUAGE_STANDARD = "gnu++20";
				CLANG_ENABLE_MODULES = YES;
				CLANG_ENABLE_OBJC_ARC = YES;
				CLANG_ENABLE_OBJC_WEAK = YES;
				CLANG_WARN_BLOCK_CAPTURE_AUTORELEASING = YES;
				CLANG_WARN_BOOL_CONVERSION = YES;
				CLANG_WARN_COMMA = YES;
				CLANG_WARN_CONSTANT_CONVERSION = YES;
				CLANG_WARN_DEPRECATED_OBJC_IMPLEMENTATIONS = YES;
				CLANG_WARN_DIRECT_OBJC_ISA_USAGE = YES_ERROR;
				CLANG_WARN_DOCUMENTATION_COMMENTS = YES;
				CLANG_WARN_EMPTY_BODY = YES;
				CLANG_WARN_ENUM_CONVERSION = YES;
				CLANG_WARN_INFINITE_RECURSION = YES;
				CLANG_WARN_INT_CONVERSION = YES;
				CLANG_WARN_NON_LITERAL_NULL_CONVERSION = YES;
				CLANG_WARN_OBJC_IMPLICIT_RETAIN_SELF = YES;
				CLANG_WARN_OBJC_LITERAL_CONVERSION = YES;
				CLANG_WARN_OBJC_ROOT_CLASS = YES_ERROR;
				CLANG_WARN_QUOTED_INCLUDE_IN_FRAMEWORK_HEADER = YES;
				CLANG_WARN_RANGE_LOOP_ANALYSIS = YES;
				CLANG_WARN_STRICT_PROTOTYPES = YES;
				CLANG_WARN_SUSPICIOUS_MOVE = YES;
				CLANG_WARN_UNGUARDED_AVAILABILITY = YES_AGGRESSIVE;
				CLANG_WARN_UNREACHABLE_CODE = YES;
				CLANG_WARN__DUPLICATE_METHOD_MATCH = YES;
				COPY_PHASE_STRIP = NO;
				DEBUG_INFORMATION_FORMAT = "dwarf-with-dsym";
				ENABLE_NS_ASSERTIONS = NO;
				ENABLE_STRICT_OBJC_MSGSEND = YES;
				GCC_C_LANGUAGE_STANDARD = gnu11;
				GCC_NO_COMMON_BLOCKS = YES;
				GCC_WARN_64_TO_32_BIT_CONVERSION = YES;
				GCC_WARN_ABOUT_RETURN_TYPE = YES_ERROR;
				GCC_WARN_UNDECLARED_SELECTOR = YES;
				GCC_WARN_UNINITIALIZED_AUTOS = YES_AGGRESSIVE;
				GCC_WARN_UNUSED_FUNCTION = YES;
				GCC_WARN_UNUSED_VARIABLE = YES;
				IPHONEOS_DEPLOYMENT_TARGET = 16.2;
				MTL_ENABLE_DEBUG_INFO = NO;
				MTL_FAST_MATH = YES;
				SDKROOT = iphoneos;
				SWIFT_COMPILATION_MODE = wholemodule;
				SWIFT_OPTIMIZATION_LEVEL = "-O";
				VALIDATE_PRODUCT = YES;
			};
			name = Release;
		};
		F99F7DC12A78827100F6DE66 /* Debug */ = {
			isa = XCBuildConfiguration;
			buildSettings = {
				ASSETCATALOG_COMPILER_APPICON_NAME = AppIcon;
				ASSETCATALOG_COMPILER_GLOBAL_ACCENT_COLOR_NAME = AccentColor;
				CODE_SIGN_STYLE = Automatic;
				CURRENT_PROJECT_VERSION = 1;
				DEVELOPMENT_ASSET_PATHS = "\"D2/Preview Content\"";
				ENABLE_PREVIEWS = YES;
				GENERATE_INFOPLIST_FILE = YES;
				INFOPLIST_KEY_UIApplicationSceneManifest_Generation = YES;
				INFOPLIST_KEY_UIApplicationSupportsIndirectInputEvents = YES;
				INFOPLIST_KEY_UILaunchScreen_Generation = YES;
				INFOPLIST_KEY_UISupportedInterfaceOrientations_iPad = "UIInterfaceOrientationPortrait UIInterfaceOrientationPortraitUpsideDown UIInterfaceOrientationLandscapeLeft UIInterfaceOrientationLandscapeRight";
				INFOPLIST_KEY_UISupportedInterfaceOrientations_iPhone = "UIInterfaceOrientationPortrait UIInterfaceOrientationLandscapeLeft UIInterfaceOrientationLandscapeRight";
				LD_RUNPATH_SEARCH_PATHS = (
					"$(inherited)",
					"@executable_path/Frameworks",
				);
				MARKETING_VERSION = 1.0;
				PRODUCT_BUNDLE_IDENTIFIER = joooj.D2;
				PRODUCT_NAME = "$(TARGET_NAME)";
				SWIFT_EMIT_LOC_STRINGS = YES;
				SWIFT_VERSION = 5.0;
				TARGETED_DEVICE_FAMILY = "1,2";
			};
			name = Debug;
		};
		F99F7DC22A78827100F6DE66 /* Release */ = {
			isa = XCBuildConfiguration;
			buildSettings = {
				ASSETCATALOG_COMPILER_APPICON_NAME = AppIcon;
				ASSETCATALOG_COMPILER_GLOBAL_ACCENT_COLOR_NAME = AccentColor;
				CODE_SIGN_STYLE = Automatic;
				CURRENT_PROJECT_VERSION = 1;
				DEVELOPMENT_ASSET_PATHS = "\"D2/Preview Content\"";
				ENABLE_PREVIEWS = YES;
				GENERATE_INFOPLIST_FILE = YES;
				INFOPLIST_KEY_UIApplicationSceneManifest_Generation = YES;
				INFOPLIST_KEY_UIApplicationSupportsIndirectInputEvents = YES;
				INFOPLIST_KEY_UILaunchScreen_Generation = YES;
				INFOPLIST_KEY_UISupportedInterfaceOrientations_iPad = "UIInterfaceOrientationPortrait UIInterfaceOrientationPortraitUpsideDown UIInterfaceOrientationLandscapeLeft UIInterfaceOrientationLandscapeRight";
				INFOPLIST_KEY_UISupportedInterfaceOrientations_iPhone = "UIInterfaceOrientationPortrait UIInterfaceOrientationLandscapeLeft UIInterfaceOrientationLandscapeRight";
				LD_RUNPATH_SEARCH_PATHS = (
					"$(inherited)",
					"@executable_path/Frameworks",
				);
				MARKETING_VERSION = 1.0;
				PRODUCT_BUNDLE_IDENTIFIER = joooj.D2;
				PRODUCT_NAME = "$(TARGET_NAME)";
				SWIFT_EMIT_LOC_STRINGS = YES;
				SWIFT_VERSION = 5.0;
				TARGETED_DEVICE_FAMILY = "1,2";
			};
			name = Release;
		};
/* End XCBuildConfiguration section */

/* Begin XCConfigurationList section */
		F99F7DAD2A78827000F6DE66 /* Build configuration list for PBXProject "D2" */ = {
			isa = XCConfigurationList;
			buildConfigurations = (
				F99F7DBE2A78827100F6DE66 /* Debug */,
				F99F7DBF2A78827100F6DE66 /* Release */,
			);
			defaultConfigurationIsVisible = 0;
			defaultConfigurationName = Release;
		};
		F99F7DC02A78827100F6DE66 /* Build configuration list for PBXNativeTarget "D2" */ = {
			isa = XCConfigurationList;
			buildConfigurations = (
				F99F7DC12A78827100F6DE66 /* Debug */,
				F99F7DC22A78827100F6DE66 /* Release */,
			);
			defaultConfigurationIsVisible = 0;
			defaultConfigurationName = Release;
		};
/* End XCConfigurationList section */
	};
	rootObject = F99F7DAA2A78827000F6DE66 /* Project object */;
}
